
Microsoft Visual Studio Solution File, Format Version 12.00
# Visual Studio Version 17
VisualStudioVersion = 17.7.34018.315
MinimumVisualStudioVersion = 10.0.40219.1
Project("{9A19103F-16F7-4668-BE54-9A1E7A4F7556}") = "RestCountriesAPI", "RestCountriesAPI.csproj", "{4D5B417D-B297-406F-9378-01E9A60D928D}"
EndProject
Project("{FAE04EC0-301F-11D3-BF4B-00C04F79EFBC}") = "RestCountriesAPITests", "..\RestCountriesAPITests\RestCountriesAPITests.csproj", "{21C88549-3018-454F-9870-93AFED7E8AEE}"
EndProject
Global
	GlobalSection(SolutionConfigurationPlatforms) = preSolution
		Debug|Any CPU = Debug|Any CPU
		Release|Any CPU = Release|Any CPU
	EndGlobalSection
	GlobalSection(ProjectConfigurationPlatforms) = postSolution
		{4D5B417D-B297-406F-9378-01E9A60D928D}.Debug|Any CPU.ActiveCfg = Debug|Any CPU
		{4D5B417D-B297-406F-9378-01E9A60D928D}.Debug|Any CPU.Build.0 = Debug|Any CPU
		{4D5B417D-B297-406F-9378-01E9A60D928D}.Release|Any CPU.ActiveCfg = Release|Any CPU
		{4D5B417D-B297-406F-9378-01E9A60D928D}.Release|Any CPU.Build.0 = Release|Any CPU
		{21C88549-3018-454F-9870-93AFED7E8AEE}.Debug|Any CPU.ActiveCfg = Debug|Any CPU
		{21C88549-3018-454F-9870-93AFED7E8AEE}.Debug|Any CPU.Build.0 = Debug|Any CPU
		{21C88549-3018-454F-9870-93AFED7E8AEE}.Release|Any CPU.ActiveCfg = Release|Any CPU
		{21C88549-3018-454F-9870-93AFED7E8AEE}.Release|Any CPU.Build.0 = Release|Any CPU
	EndGlobalSection
	GlobalSection(SolutionProperties) = preSolution
		HideSolutionNode = FALSE
	EndGlobalSection
	GlobalSection(ExtensibilityGlobals) = postSolution
		SolutionGuid = {A1B5A493-273B-4D92-A515-3D0469FB01EB}
	EndGlobalSection
EndGlobal
